
Microsoft Visual Studio Solution File, Format Version 12.00
# Visual Studio Version 17
VisualStudioVersion = 17.7.34024.191
MinimumVisualStudioVersion = 10.0.40219.1
Project("{FAE04EC0-301F-11D3-BF4B-00C04F79EFBC}") = "QL_RapChieuPhim", "QL_RapChieuPhim\QL_RapChieuPhim.csproj", "{940D824B-5A0A-436A-804A-8730AC0FBCB0}"
EndProject
Global
	GlobalSection(SolutionConfigurationPlatforms) = preSolution
		Debug|Any CPU = Debug|Any CPU
		Release|Any CPU = Release|Any CPU
	EndGlobalSection
	GlobalSection(ProjectConfigurationPlatforms) = postSolution
		{940D824B-5A0A-436A-804A-8730AC0FBCB0}.Debug|Any CPU.ActiveCfg = Debug|Any CPU
		{940D824B-5A0A-436A-804A-8730AC0FBCB0}.Debug|Any CPU.Build.0 = Debug|Any CPU
		{940D824B-5A0A-436A-804A-8730AC0FBCB0}.Release|Any CPU.ActiveCfg = Release|Any CPU
		{940D824B-5A0A-436A-804A-8730AC0FBCB0}.Release|Any CPU.Build.0 = Release|Any CPU
	EndGlobalSection
	GlobalSection(SolutionProperties) = preSolution
		HideSolutionNode = FALSE
	EndGlobalSection
	GlobalSection(ExtensibilityGlobals) = postSolution
		SolutionGuid = {5FE1B488-EC4A-4421-B0AC-570C4FED085E}
	EndGlobalSection
EndGlobal
